{
  "name": "cucrsp-app",
  "version": "1.0.0",
  "lockfileVersion": 1,
  "requires": true,
  "dependencies": {
    "dayjs": {
      "version": "1.8.22",
      "resolved": "https://registry.npm.taobao.org/dayjs/download/dayjs-1.8.22.tgz",
      "integrity": "sha1-XoNdd2s3PiFmeL6NEsM22nGiWpw="
    },
    "vant-weapp": {
      "version": "0.5.27",
      "resolved": "https://registry.npm.taobao.org/vant-weapp/download/vant-weapp-0.5.27.tgz",
      "integrity": "sha1-sCmYDb3Mf5Cv+dyduOK6xe8RjRs="
    }
  }
}
